
Microsoft Visual Studio Solution File, Format Version 12.00
# Visual Studio Version 17
VisualStudioVersion = 17.10.34916.146
MinimumVisualStudioVersion = 10.0.40219.1
Project("{FAE04EC0-301F-11D3-BF4B-00C04F79EFBC}") = "Exam1Modul", "Exam1Modul\Exam1Modul.csproj", "{CEB92262-EA1D-4B6E-ACD9-E92B652AA1FD}"
EndProject
Global
	GlobalSection(SolutionConfigurationPlatforms) = preSolution
		Debug|Any CPU = Debug|Any CPU
		Release|Any CPU = Release|Any CPU
	EndGlobalSection
	GlobalSection(ProjectConfigurationPlatforms) = postSolution
		{CEB92262-EA1D-4B6E-ACD9-E92B652AA1FD}.Debug|Any CPU.ActiveCfg = Debug|Any CPU
		{CEB92262-EA1D-4B6E-ACD9-E92B652AA1FD}.Debug|Any CPU.Build.0 = Debug|Any CPU
		{CEB92262-EA1D-4B6E-ACD9-E92B652AA1FD}.Release|Any CPU.ActiveCfg = Release|Any CPU
		{CEB92262-EA1D-4B6E-ACD9-E92B652AA1FD}.Release|Any CPU.Build.0 = Release|Any CPU
	EndGlobalSection
	GlobalSection(SolutionProperties) = preSolution
		HideSolutionNode = FALSE
	EndGlobalSection
	GlobalSection(ExtensibilityGlobals) = postSolution
		SolutionGuid = {D65B174D-39F0-4F79-A74F-D8A0A22D6B84}
	EndGlobalSection
EndGlobal
